
Microsoft Visual Studio Solution File, Format Version 12.00
# Visual Studio 15
VisualStudioVersion = 15.0.26124.0
MinimumVisualStudioVersion = 15.0.26124.0
Project("{FAE04EC0-301F-11D3-BF4B-00C04F79EFBC}") = "QueueSafe.Api", "QueueSafe.Api\QueueSafe.Api.csproj", "{3E74D2E8-8A74-481E-BDB2-ECA658CBA564}"
EndProject
Project("{FAE04EC0-301F-11D3-BF4B-00C04F79EFBC}") = "QueueSafe.Frontend", "QueueSafe.Frontend\QueueSafe.Frontend.csproj", "{687D9EB1-AAEB-48E4-AFCA-5214026520A2}"
EndProject
Project("{FAE04EC0-301F-11D3-BF4B-00C04F79EFBC}") = "QueueSafe.Models", "QueueSafe.Models\QueueSafe.Models.csproj", "{30A43D1B-2B65-4285-9065-2BB671807F81}"
EndProject
Project("{FAE04EC0-301F-11D3-BF4B-00C04F79EFBC}") = "QueueSafe.Entities", "QueueSafe.Entities\QueueSafe.Entities.csproj", "{CE97EB04-3680-49B0-BAC1-1158711874ED}"
EndProject
Project("{FAE04EC0-301F-11D3-BF4B-00C04F79EFBC}") = "QueueSafe.Models.Test", "QueueSafe.Models.Test\QueueSafe.Models.Test.csproj", "{08D890F0-ED61-48DD-A566-AECF3F4FC0CE}"
EndProject
Project("{FAE04EC0-301F-11D3-BF4B-00C04F79EFBC}") = "QueueSafe.Api.Test", "QueueSafe.Api.Test\QueueSafe.Api.Test.csproj", "{C6D46FAC-4F03-48A0-A60F-ED0248C5A420}"
EndProject
Global
	GlobalSection(SolutionConfigurationPlatforms) = preSolution
		Debug|Any CPU = Debug|Any CPU
		Debug|x64 = Debug|x64
		Debug|x86 = Debug|x86
		Release|Any CPU = Release|Any CPU
		Release|x64 = Release|x64
		Release|x86 = Release|x86
	EndGlobalSection
	GlobalSection(SolutionProperties) = preSolution
		HideSolutionNode = FALSE
	EndGlobalSection
	GlobalSection(ProjectConfigurationPlatforms) = postSolution
		{3E74D2E8-8A74-481E-BDB2-ECA658CBA564}.Debug|Any CPU.ActiveCfg = Debug|Any CPU
		{3E74D2E8-8A74-481E-BDB2-ECA658CBA564}.Debug|Any CPU.Build.0 = Debug|Any CPU
		{3E74D2E8-8A74-481E-BDB2-ECA658CBA564}.Debug|x64.ActiveCfg = Debug|Any CPU
		{3E74D2E8-8A74-481E-BDB2-ECA658CBA564}.Debug|x64.Build.0 = Debug|Any CPU
		{3E74D2E8-8A74-481E-BDB2-ECA658CBA564}.Debug|x86.ActiveCfg = Debug|Any CPU
		{3E74D2E8-8A74-481E-BDB2-ECA658CBA564}.Debug|x86.Build.0 = Debug|Any CPU
		{3E74D2E8-8A74-481E-BDB2-ECA658CBA564}.Release|Any CPU.ActiveCfg = Release|Any CPU
		{3E74D2E8-8A74-481E-BDB2-ECA658CBA564}.Release|Any CPU.Build.0 = Release|Any CPU
		{3E74D2E8-8A74-481E-BDB2-ECA658CBA564}.Release|x64.ActiveCfg = Release|Any CPU
		{3E74D2E8-8A74-481E-BDB2-ECA658CBA564}.Release|x64.Build.0 = Release|Any CPU
		{3E74D2E8-8A74-481E-BDB2-ECA658CBA564}.Release|x86.ActiveCfg = Release|Any CPU
		{3E74D2E8-8A74-481E-BDB2-ECA658CBA564}.Release|x86.Build.0 = Release|Any CPU
		{687D9EB1-AAEB-48E4-AFCA-5214026520A2}.Debug|Any CPU.ActiveCfg = Debug|Any CPU
		{687D9EB1-AAEB-48E4-AFCA-5214026520A2}.Debug|Any CPU.Build.0 = Debug|Any CPU
		{687D9EB1-AAEB-48E4-AFCA-5214026520A2}.Debug|x64.ActiveCfg = Debug|Any CPU
		{687D9EB1-AAEB-48E4-AFCA-5214026520A2}.Debug|x64.Build.0 = Debug|Any CPU
		{687D9EB1-AAEB-48E4-AFCA-5214026520A2}.Debug|x86.ActiveCfg = Debug|Any CPU
		{687D9EB1-AAEB-48E4-AFCA-5214026520A2}.Debug|x86.Build.0 = Debug|Any CPU
		{687D9EB1-AAEB-48E4-AFCA-5214026520A2}.Release|Any CPU.ActiveCfg = Release|Any CPU
		{687D9EB1-AAEB-48E4-AFCA-5214026520A2}.Release|Any CPU.Build.0 = Release|Any CPU
		{687D9EB1-AAEB-48E4-AFCA-5214026520A2}.Release|x64.ActiveCfg = Release|Any CPU
		{687D9EB1-AAEB-48E4-AFCA-5214026520A2}.Release|x64.Build.0 = Release|Any CPU
		{687D9EB1-AAEB-48E4-AFCA-5214026520A2}.Release|x86.ActiveCfg = Release|Any CPU
		{687D9EB1-AAEB-48E4-AFCA-5214026520A2}.Release|x86.Build.0 = Release|Any CPU
		{30A43D1B-2B65-4285-9065-2BB671807F81}.Debug|Any CPU.ActiveCfg = Debug|Any CPU
		{30A43D1B-2B65-4285-9065-2BB671807F81}.Debug|Any CPU.Build.0 = Debug|Any CPU
		{30A43D1B-2B65-4285-9065-2BB671807F81}.Debug|x64.ActiveCfg = Debug|Any CPU
		{30A43D1B-2B65-4285-9065-2BB671807F81}.Debug|x64.Build.0 = Debug|Any CPU
		{30A43D1B-2B65-4285-9065-2BB671807F81}.Debug|x86.ActiveCfg = Debug|Any CPU
		{30A43D1B-2B65-4285-9065-2BB671807F81}.Debug|x86.Build.0 = Debug|Any CPU
		{30A43D1B-2B65-4285-9065-2BB671807F81}.Release|Any CPU.ActiveCfg = Release|Any CPU
		{30A43D1B-2B65-4285-9065-2BB671807F81}.Release|Any CPU.Build.0 = Release|Any CPU
		{30A43D1B-2B65-4285-9065-2BB671807F81}.Release|x64.ActiveCfg = Release|Any CPU
		{30A43D1B-2B65-4285-9065-2BB671807F81}.Release|x64.Build.0 = Release|Any CPU
		{30A43D1B-2B65-4285-9065-2BB671807F81}.Release|x86.ActiveCfg = Release|Any CPU
		{30A43D1B-2B65-4285-9065-2BB671807F81}.Release|x86.Build.0 = Release|Any CPU
		{CE97EB04-3680-49B0-BAC1-1158711874ED}.Debug|Any CPU.ActiveCfg = Debug|Any CPU
		{CE97EB04-3680-49B0-BAC1-1158711874ED}.Debug|Any CPU.Build.0 = Debug|Any CPU
		{CE97EB04-3680-49B0-BAC1-1158711874ED}.Debug|x64.ActiveCfg = Debug|Any CPU
		{CE97EB04-3680-49B0-BAC1-1158711874ED}.Debug|x64.Build.0 = Debug|Any CPU
		{CE97EB04-3680-49B0-BAC1-1158711874ED}.Debug|x86.ActiveCfg = Debug|Any CPU
		{CE97EB04-3680-49B0-BAC1-1158711874ED}.Debug|x86.Build.0 = Debug|Any CPU
		{CE97EB04-3680-49B0-BAC1-1158711874ED}.Release|Any CPU.ActiveCfg = Release|Any CPU
		{CE97EB04-3680-49B0-BAC1-1158711874ED}.Release|Any CPU.Build.0 = Release|Any CPU
		{CE97EB04-3680-49B0-BAC1-1158711874ED}.Release|x64.ActiveCfg = Release|Any CPU
		{CE97EB04-3680-49B0-BAC1-1158711874ED}.Release|x64.Build.0 = Release|Any CPU
		{CE97EB04-3680-49B0-BAC1-1158711874ED}.Release|x86.ActiveCfg = Release|Any CPU
		{CE97EB04-3680-49B0-BAC1-1158711874ED}.Release|x86.Build.0 = Release|Any CPU
		{08D890F0-ED61-48DD-A566-AECF3F4FC0CE}.Debug|Any CPU.ActiveCfg = Debug|Any CPU
		{08D890F0-ED61-48DD-A566-AECF3F4FC0CE}.Debug|Any CPU.Build.0 = Debug|Any CPU
		{08D890F0-ED61-48DD-A566-AECF3F4FC0CE}.Debug|x64.ActiveCfg = Debug|Any CPU
		{08D890F0-ED61-48DD-A566-AECF3F4FC0CE}.Debug|x64.Build.0 = Debug|Any CPU
		{08D890F0-ED61-48DD-A566-AECF3F4FC0CE}.Debug|x86.ActiveCfg = Debug|Any CPU
		{08D890F0-ED61-48DD-A566-AECF3F4FC0CE}.Debug|x86.Build.0 = Debug|Any CPU
		{08D890F0-ED61-48DD-A566-AECF3F4FC0CE}.Release|Any CPU.ActiveCfg = Release|Any CPU
		{08D890F0-ED61-48DD-A566-AECF3F4FC0CE}.Release|Any CPU.Build.0 = Release|Any CPU
		{08D890F0-ED61-48DD-A566-AECF3F4FC0CE}.Release|x64.ActiveCfg = Release|Any CPU
		{08D890F0-ED61-48DD-A566-AECF3F4FC0CE}.Release|x64.Build.0 = Release|Any CPU
		{08D890F0-ED61-48DD-A566-AECF3F4FC0CE}.Release|x86.ActiveCfg = Release|Any CPU
		{08D890F0-ED61-48DD-A566-AECF3F4FC0CE}.Release|x86.Build.0 = Release|Any CPU
		{C6D46FAC-4F03-48A0-A60F-ED0248C5A420}.Debug|Any CPU.ActiveCfg = Debug|Any CPU
		{C6D46FAC-4F03-48A0-A60F-ED0248C5A420}.Debug|Any CPU.Build.0 = Debug|Any CPU
		{C6D46FAC-4F03-48A0-A60F-ED0248C5A420}.Debug|x64.ActiveCfg = Debug|Any CPU
		{C6D46FAC-4F03-48A0-A60F-ED0248C5A420}.Debug|x64.Build.0 = Debug|Any CPU
		{C6D46FAC-4F03-48A0-A60F-ED0248C5A420}.Debug|x86.ActiveCfg = Debug|Any CPU
		{C6D46FAC-4F03-48A0-A60F-ED0248C5A420}.Debug|x86.Build.0 = Debug|Any CPU
		{C6D46FAC-4F03-48A0-A60F-ED0248C5A420}.Release|Any CPU.ActiveCfg = Release|Any CPU
		{C6D46FAC-4F03-48A0-A60F-ED0248C5A420}.Release|Any CPU.Build.0 = Release|Any CPU
		{C6D46FAC-4F03-48A0-A60F-ED0248C5A420}.Release|x64.ActiveCfg = Release|Any CPU
		{C6D46FAC-4F03-48A0-A60F-ED0248C5A420}.Release|x64.Build.0 = Release|Any CPU
		{C6D46FAC-4F03-48A0-A60F-ED0248C5A420}.Release|x86.ActiveCfg = Release|Any CPU
		{C6D46FAC-4F03-48A0-A60F-ED0248C5A420}.Release|x86.Build.0 = Release|Any CPU
	EndGlobalSection
EndGlobal
