
Microsoft Visual Studio Solution File, Format Version 12.00
# Visual Studio 15
VisualStudioVersion = 15.0.26124.0
MinimumVisualStudioVersion = 15.0.26124.0
Project("{FAE04EC0-301F-11D3-BF4B-00C04F79EFBC}") = "QueueSafe.Api", "QueueSafe.Api\QueueSafe.Api.csproj", "{3E74D2E8-8A74-481E-BDB2-ECA658CBA564}"
EndProject
Project("{FAE04EC0-301F-11D3-BF4B-00C04F79EFBC}") = "QueueSafe.Entities", "QueueSafe.Entities\QueueSafe.Entities.csproj", "{4E783FD6-7C69-4BD5-9998-6454393EFE20}"
EndProject
Project("{FAE04EC0-301F-11D3-BF4B-00C04F79EFBC}") = "QueueSafe.Frontend", "QueueSafe.Frontend\QueueSafe.Frontend.csproj", "{687D9EB1-AAEB-48E4-AFCA-5214026520A2}"
EndProject
Project("{FAE04EC0-301F-11D3-BF4B-00C04F79EFBC}") = "QueueSafe.Models", "QueueSafe.Models\QueueSafe.Models.csproj", "{30A43D1B-2B65-4285-9065-2BB671807F81}"
EndProject
Global
	GlobalSection(SolutionConfigurationPlatforms) = preSolution
		Debug|Any CPU = Debug|Any CPU
		Debug|x64 = Debug|x64
		Debug|x86 = Debug|x86
		Release|Any CPU = Release|Any CPU
		Release|x64 = Release|x64
		Release|x86 = Release|x86
	EndGlobalSection
	GlobalSection(SolutionProperties) = preSolution
		HideSolutionNode = FALSE
	EndGlobalSection
	GlobalSection(ProjectConfigurationPlatforms) = postSolution
		{3E74D2E8-8A74-481E-BDB2-ECA658CBA564}.Debug|Any CPU.ActiveCfg = Debug|Any CPU
		{3E74D2E8-8A74-481E-BDB2-ECA658CBA564}.Debug|Any CPU.Build.0 = Debug|Any CPU
		{3E74D2E8-8A74-481E-BDB2-ECA658CBA564}.Debug|x64.ActiveCfg = Debug|Any CPU
		{3E74D2E8-8A74-481E-BDB2-ECA658CBA564}.Debug|x64.Build.0 = Debug|Any CPU
		{3E74D2E8-8A74-481E-BDB2-ECA658CBA564}.Debug|x86.ActiveCfg = Debug|Any CPU
		{3E74D2E8-8A74-481E-BDB2-ECA658CBA564}.Debug|x86.Build.0 = Debug|Any CPU
		{3E74D2E8-8A74-481E-BDB2-ECA658CBA564}.Release|Any CPU.ActiveCfg = Release|Any CPU
		{3E74D2E8-8A74-481E-BDB2-ECA658CBA564}.Release|Any CPU.Build.0 = Release|Any CPU
		{3E74D2E8-8A74-481E-BDB2-ECA658CBA564}.Release|x64.ActiveCfg = Release|Any CPU
		{3E74D2E8-8A74-481E-BDB2-ECA658CBA564}.Release|x64.Build.0 = Release|Any CPU
		{3E74D2E8-8A74-481E-BDB2-ECA658CBA564}.Release|x86.ActiveCfg = Release|Any CPU
		{3E74D2E8-8A74-481E-BDB2-ECA658CBA564}.Release|x86.Build.0 = Release|Any CPU
		{4E783FD6-7C69-4BD5-9998-6454393EFE20}.Debug|Any CPU.ActiveCfg = Debug|Any CPU
		{4E783FD6-7C69-4BD5-9998-6454393EFE20}.Debug|Any CPU.Build.0 = Debug|Any CPU
		{4E783FD6-7C69-4BD5-9998-6454393EFE20}.Debug|x64.ActiveCfg = Debug|Any CPU
		{4E783FD6-7C69-4BD5-9998-6454393EFE20}.Debug|x64.Build.0 = Debug|Any CPU
		{4E783FD6-7C69-4BD5-9998-6454393EFE20}.Debug|x86.ActiveCfg = Debug|Any CPU
		{4E783FD6-7C69-4BD5-9998-6454393EFE20}.Debug|x86.Build.0 = Debug|Any CPU
		{4E783FD6-7C69-4BD5-9998-6454393EFE20}.Release|Any CPU.ActiveCfg = Release|Any CPU
		{4E783FD6-7C69-4BD5-9998-6454393EFE20}.Release|Any CPU.Build.0 = Release|Any CPU
		{4E783FD6-7C69-4BD5-9998-6454393EFE20}.Release|x64.ActiveCfg = Release|Any CPU
		{4E783FD6-7C69-4BD5-9998-6454393EFE20}.Release|x64.Build.0 = Release|Any CPU
		{4E783FD6-7C69-4BD5-9998-6454393EFE20}.Release|x86.ActiveCfg = Release|Any CPU
		{4E783FD6-7C69-4BD5-9998-6454393EFE20}.Release|x86.Build.0 = Release|Any CPU
		{687D9EB1-AAEB-48E4-AFCA-5214026520A2}.Debug|Any CPU.ActiveCfg = Debug|Any CPU
		{687D9EB1-AAEB-48E4-AFCA-5214026520A2}.Debug|Any CPU.Build.0 = Debug|Any CPU
		{687D9EB1-AAEB-48E4-AFCA-5214026520A2}.Debug|x64.ActiveCfg = Debug|Any CPU
		{687D9EB1-AAEB-48E4-AFCA-5214026520A2}.Debug|x64.Build.0 = Debug|Any CPU
		{687D9EB1-AAEB-48E4-AFCA-5214026520A2}.Debug|x86.ActiveCfg = Debug|Any CPU
		{687D9EB1-AAEB-48E4-AFCA-5214026520A2}.Debug|x86.Build.0 = Debug|Any CPU
		{687D9EB1-AAEB-48E4-AFCA-5214026520A2}.Release|Any CPU.ActiveCfg = Release|Any CPU
		{687D9EB1-AAEB-48E4-AFCA-5214026520A2}.Release|Any CPU.Build.0 = Release|Any CPU
		{687D9EB1-AAEB-48E4-AFCA-5214026520A2}.Release|x64.ActiveCfg = Release|Any CPU
		{687D9EB1-AAEB-48E4-AFCA-5214026520A2}.Release|x64.Build.0 = Release|Any CPU
		{687D9EB1-AAEB-48E4-AFCA-5214026520A2}.Release|x86.ActiveCfg = Release|Any CPU
		{687D9EB1-AAEB-48E4-AFCA-5214026520A2}.Release|x86.Build.0 = Release|Any CPU
		{30A43D1B-2B65-4285-9065-2BB671807F81}.Debug|Any CPU.ActiveCfg = Debug|Any CPU
		{30A43D1B-2B65-4285-9065-2BB671807F81}.Debug|Any CPU.Build.0 = Debug|Any CPU
		{30A43D1B-2B65-4285-9065-2BB671807F81}.Debug|x64.ActiveCfg = Debug|Any CPU
		{30A43D1B-2B65-4285-9065-2BB671807F81}.Debug|x64.Build.0 = Debug|Any CPU
		{30A43D1B-2B65-4285-9065-2BB671807F81}.Debug|x86.ActiveCfg = Debug|Any CPU
		{30A43D1B-2B65-4285-9065-2BB671807F81}.Debug|x86.Build.0 = Debug|Any CPU
		{30A43D1B-2B65-4285-9065-2BB671807F81}.Release|Any CPU.ActiveCfg = Release|Any CPU
		{30A43D1B-2B65-4285-9065-2BB671807F81}.Release|Any CPU.Build.0 = Release|Any CPU
		{30A43D1B-2B65-4285-9065-2BB671807F81}.Release|x64.ActiveCfg = Release|Any CPU
		{30A43D1B-2B65-4285-9065-2BB671807F81}.Release|x64.Build.0 = Release|Any CPU
		{30A43D1B-2B65-4285-9065-2BB671807F81}.Release|x86.ActiveCfg = Release|Any CPU
		{30A43D1B-2B65-4285-9065-2BB671807F81}.Release|x86.Build.0 = Release|Any CPU
	EndGlobalSection
EndGlobal
